
Microsoft Visual Studio Solution File, Format Version 12.00
# Visual Studio Version 17
VisualStudioVersion = 17.4.33213.308
MinimumVisualStudioVersion = 10.0.40219.1
Project("{9A19103F-16F7-4668-BE54-9A1E7A4F7556}") = "MB.W2.GRLRestaurant.WebApi", "MB.W2.GRLRestaurant.WebApi\MB.W2.GRLRestaurant.WebApi.csproj", "{DAE560F3-ACC0-4D5C-9B0F-0930DBBB4B46}"
EndProject
Project("{9A19103F-16F7-4668-BE54-9A1E7A4F7556}") = "MB.W2.GRLRestaurant.Entities", "MB.W2.GRLRestaurant.Entities\MB.W2.GRLRestaurant.Entities.csproj", "{FFCF28D3-FE92-44A8-8CF5-5D8831AF1D98}"
EndProject
Project("{9A19103F-16F7-4668-BE54-9A1E7A4F7556}") = "MB.W2.GRLRestaurant.EFCore", "MB.W2.GRLRestaurant.EFCore\MB.W2.GRLRestaurant.EFCore.csproj", "{CBE18890-BE5E-4FBB-B1DA-020BD65135EB}"
EndProject
Project("{9A19103F-16F7-4668-BE54-9A1E7A4F7556}") = "MB.W2.GRLRestaurant.Dtos", "MB.W2.GRLRestaurant.Dtos\MB.W2.GRLRestaurant.Dtos.csproj", "{13304A1F-81A9-42AA-8A63-05C581366C64}"
EndProject
Project("{FAE04EC0-301F-11D3-BF4B-00C04F79EFBC}") = "MB.W2.GRLRestaurant.Utils", "MB.W2.GRLRestaurant.Utils\MB.W2.GRLRestaurant.Utils.csproj", "{C0A89C21-9C79-46F2-AE6A-DACC5EF81C54}"
EndProject
Global
	GlobalSection(SolutionConfigurationPlatforms) = preSolution
		Debug|Any CPU = Debug|Any CPU
		Release|Any CPU = Release|Any CPU
	EndGlobalSection
	GlobalSection(ProjectConfigurationPlatforms) = postSolution
		{DAE560F3-ACC0-4D5C-9B0F-0930DBBB4B46}.Debug|Any CPU.ActiveCfg = Debug|Any CPU
		{DAE560F3-ACC0-4D5C-9B0F-0930DBBB4B46}.Debug|Any CPU.Build.0 = Debug|Any CPU
		{DAE560F3-ACC0-4D5C-9B0F-0930DBBB4B46}.Release|Any CPU.ActiveCfg = Release|Any CPU
		{DAE560F3-ACC0-4D5C-9B0F-0930DBBB4B46}.Release|Any CPU.Build.0 = Release|Any CPU
		{FFCF28D3-FE92-44A8-8CF5-5D8831AF1D98}.Debug|Any CPU.ActiveCfg = Debug|Any CPU
		{FFCF28D3-FE92-44A8-8CF5-5D8831AF1D98}.Debug|Any CPU.Build.0 = Debug|Any CPU
		{FFCF28D3-FE92-44A8-8CF5-5D8831AF1D98}.Release|Any CPU.ActiveCfg = Release|Any CPU
		{FFCF28D3-FE92-44A8-8CF5-5D8831AF1D98}.Release|Any CPU.Build.0 = Release|Any CPU
		{CBE18890-BE5E-4FBB-B1DA-020BD65135EB}.Debug|Any CPU.ActiveCfg = Debug|Any CPU
		{CBE18890-BE5E-4FBB-B1DA-020BD65135EB}.Debug|Any CPU.Build.0 = Debug|Any CPU
		{CBE18890-BE5E-4FBB-B1DA-020BD65135EB}.Release|Any CPU.ActiveCfg = Release|Any CPU
		{CBE18890-BE5E-4FBB-B1DA-020BD65135EB}.Release|Any CPU.Build.0 = Release|Any CPU
		{13304A1F-81A9-42AA-8A63-05C581366C64}.Debug|Any CPU.ActiveCfg = Debug|Any CPU
		{13304A1F-81A9-42AA-8A63-05C581366C64}.Debug|Any CPU.Build.0 = Debug|Any CPU
		{13304A1F-81A9-42AA-8A63-05C581366C64}.Release|Any CPU.ActiveCfg = Release|Any CPU
		{13304A1F-81A9-42AA-8A63-05C581366C64}.Release|Any CPU.Build.0 = Release|Any CPU
		{C0A89C21-9C79-46F2-AE6A-DACC5EF81C54}.Debug|Any CPU.ActiveCfg = Debug|Any CPU
		{C0A89C21-9C79-46F2-AE6A-DACC5EF81C54}.Debug|Any CPU.Build.0 = Debug|Any CPU
		{C0A89C21-9C79-46F2-AE6A-DACC5EF81C54}.Release|Any CPU.ActiveCfg = Release|Any CPU
		{C0A89C21-9C79-46F2-AE6A-DACC5EF81C54}.Release|Any CPU.Build.0 = Release|Any CPU
	EndGlobalSection
	GlobalSection(SolutionProperties) = preSolution
		HideSolutionNode = FALSE
	EndGlobalSection
	GlobalSection(ExtensibilityGlobals) = postSolution
		SolutionGuid = {FE759B6C-CBE1-4812-90BA-90759977E64D}
	EndGlobalSection
EndGlobal
